// !$*UTF8*$!
{
	archiveVersion = 1;
	classes = {
	};
	objectVersion = 46;
	objects = {

/* Begin PBXBuildFile section */
		C7272F631BCF87B6000075BD /* main.m in Sources */ = {isa = PBXBuildFile; fileRef = C7272F621BCF87B6000075BD /* main.m */; };
		C7272F6E1BCF87B6000075BD /* Assets.xcassets in Resources */ = {isa = PBXBuildFile; fileRef = C7272F6D1BCF87B6000075BD /* Assets.xcassets */; };
		C7272F711BCF87B6000075BD /* LaunchScreen.storyboard in Resources */ = {isa = PBXBuildFile; fileRef = C7272F6F1BCF87B6000075BD /* LaunchScreen.storyboard */; };
		C7272F971BCF895A000075BD /* MainScreen.m in Sources */ = {isa = PBXBuildFile; fileRef = C7272F961BCF895A000075BD /* MainScreen.m */; settings = {ASSET_TAGS = (); }; };
		C7272F9C1BCF896D000075BD /* BootLogic.m in Sources */ = {isa = PBXBuildFile; fileRef = C7272F991BCF896D000075BD /* BootLogic.m */; settings = {ASSET_TAGS = (); }; };
		C7272F9D1BCF896D000075BD /* ConsoleScreen.m in Sources */ = {isa = PBXBuildFile; fileRef = C7272F9B1BCF896D000075BD /* ConsoleScreen.m */; settings = {ASSET_TAGS = (); }; };
		C7272FA01BCF8979000075BD /* AppDelegate.m in Sources */ = {isa = PBXBuildFile; fileRef = C7272F9F1BCF8979000075BD /* AppDelegate.m */; settings = {ASSET_TAGS = (); }; };
		C7272FE31BCFA02A000075BD /* DemoFunction.m in Sources */ = {isa = PBXBuildFile; fileRef = C7272FE21BCFA02A000075BD /* DemoFunction.m */; settings = {ASSET_TAGS = (); }; };
		C741D9341BFDB537009C7F08 /* DemoSelector.m in Sources */ = {isa = PBXBuildFile; fileRef = C741D9321BFDB537009C7F08 /* DemoSelector.m */; settings = {ASSET_TAGS = (); }; };
		C741D9351BFDB537009C7F08 /* DemoSelector.xib in Resources */ = {isa = PBXBuildFile; fileRef = C741D9331BFDB537009C7F08 /* DemoSelector.xib */; settings = {ASSET_TAGS = (); }; };
/* End PBXBuildFile section */

/* Begin PBXFileReference section */
		C7272F5E1BCF87B6000075BD /* ObjectiveExamples.app */ = {isa = PBXFileReference; explicitFileType = wrapper.application; includeInIndex = 0; path = ObjectiveExamples.app; sourceTree = BUILT_PRODUCTS_DIR; };
		C7272F621BCF87B6000075BD /* main.m */ = {isa = PBXFileReference; lastKnownFileType = sourcecode.c.objc; path = main.m; sourceTree = "<group>"; };
		C7272F6D1BCF87B6000075BD /* Assets.xcassets */ = {isa = PBXFileReference; lastKnownFileType = folder.assetcatalog; path = Assets.xcassets; sourceTree = "<group>"; };
		C7272F701BCF87B6000075BD /* Base */ = {isa = PBXFileReference; lastKnownFileType = file.storyboard; name = Base; path = Base.lproj/LaunchScreen.storyboard; sourceTree = "<group>"; };
		C7272F721BCF87B6000075BD /* Info.plist */ = {isa = PBXFileReference; lastKnownFileType = text.plist.xml; path = Info.plist; sourceTree = "<group>"; };
		C7272F951BCF895A000075BD /* MainScreen.h */ = {isa = PBXFileReference; fileEncoding = 4; lastKnownFileType = sourcecode.c.h; path = MainScreen.h; sourceTree = "<group>"; };
		C7272F961BCF895A000075BD /* MainScreen.m */ = {isa = PBXFileReference; fileEncoding = 4; lastKnownFileType = sourcecode.c.objc; path = MainScreen.m; sourceTree = "<group>"; };
		C7272F981BCF896D000075BD /* BootLogic.h */ = {isa = PBXFileReference; fileEncoding = 4; lastKnownFileType = sourcecode.c.h; path = BootLogic.h; sourceTree = "<group>"; };
		C7272F991BCF896D000075BD /* BootLogic.m */ = {isa = PBXFileReference; fileEncoding = 4; lastKnownFileType = sourcecode.c.objc; path = BootLogic.m; sourceTree = "<group>"; };
		C7272F9A1BCF896D000075BD /* ConsoleScreen.h */ = {isa = PBXFileReference; fileEncoding = 4; lastKnownFileType = sourcecode.c.h; path = ConsoleScreen.h; sourceTree = "<group>"; };
		C7272F9B1BCF896D000075BD /* ConsoleScreen.m */ = {isa = PBXFileReference; fileEncoding = 4; lastKnownFileType = sourcecode.c.objc; path = ConsoleScreen.m; sourceTree = "<group>"; };
		C7272F9E1BCF8979000075BD /* AppDelegate.h */ = {isa = PBXFileReference; fileEncoding = 4; lastKnownFileType = sourcecode.c.h; path = AppDelegate.h; sourceTree = "<group>"; };
		C7272F9F1BCF8979000075BD /* AppDelegate.m */ = {isa = PBXFileReference; fileEncoding = 4; lastKnownFileType = sourcecode.c.objc; path = AppDelegate.m; sourceTree = "<group>"; };
		C7272FE11BCFA02A000075BD /* DemoFunction.h */ = {isa = PBXFileReference; fileEncoding = 4; lastKnownFileType = sourcecode.c.h; path = DemoFunction.h; sourceTree = "<group>"; };
		C7272FE21BCFA02A000075BD /* DemoFunction.m */ = {isa = PBXFileReference; fileEncoding = 4; lastKnownFileType = sourcecode.c.objc; path = DemoFunction.m; sourceTree = "<group>"; };
		C741D9311BFDB537009C7F08 /* DemoSelector.h */ = {isa = PBXFileReference; fileEncoding = 4; lastKnownFileType = sourcecode.c.h; path = DemoSelector.h; sourceTree = "<group>"; };
		C741D9321BFDB537009C7F08 /* DemoSelector.m */ = {isa = PBXFileReference; fileEncoding = 4; lastKnownFileType = sourcecode.c.objc; path = DemoSelector.m; sourceTree = "<group>"; };
		C741D9331BFDB537009C7F08 /* DemoSelector.xib */ = {isa = PBXFileReference; fileEncoding = 4; lastKnownFileType = file.xib; path = DemoSelector.xib; sourceTree = "<group>"; };
/* End PBXFileReference section */

/* Begin PBXFrameworksBuildPhase section */
		C7272F5B1BCF87B6000075BD /* Frameworks */ = {
			isa = PBXFrameworksBuildPhase;
			buildActionMask = 2147483647;
			files = (
			);
			runOnlyForDeploymentPostprocessing = 0;
		};
/* End PBXFrameworksBuildPhase section */

/* Begin PBXGroup section */
		C7272F551BCF87B5000075BD = {
			isa = PBXGroup;
			children = (
				C7272F601BCF87B6000075BD /* ObjectiveExamples */,
				C7272F5F1BCF87B6000075BD /* Products */,
			);
			sourceTree = "<group>";
		};
		C7272F5F1BCF87B6000075BD /* Products */ = {
			isa = PBXGroup;
			children = (
				C7272F5E1BCF87B6000075BD /* ObjectiveExamples.app */,
			);
			name = Products;
			sourceTree = "<group>";
		};
		C7272F601BCF87B6000075BD /* ObjectiveExamples */ = {
			isa = PBXGroup;
			children = (
				C7272F941BCF8924000075BD /* Core */,
				C7272F6D1BCF87B6000075BD /* Assets.xcassets */,
				C7272FE01BCF9FCD000075BD /* Basic */,
				C7272F6F1BCF87B6000075BD /* LaunchScreen.storyboard */,
				C7272F721BCF87B6000075BD /* Info.plist */,
				C7272F611BCF87B6000075BD /* Supporting Files */,
			);
			path = ObjectiveExamples;
			sourceTree = "<group>";
		};
		C7272F611BCF87B6000075BD /* Supporting Files */ = {
			isa = PBXGroup;
			children = (
				C7272F621BCF87B6000075BD /* main.m */,
			);
			name = "Supporting Files";
			sourceTree = "<group>";
		};
		C7272F941BCF8924000075BD /* Core */ = {
			isa = PBXGroup;
			children = (
				C7272F9E1BCF8979000075BD /* AppDelegate.h */,
				C7272F9F1BCF8979000075BD /* AppDelegate.m */,
				C7272F981BCF896D000075BD /* BootLogic.h */,
				C7272F991BCF896D000075BD /* BootLogic.m */,
				C7272F9A1BCF896D000075BD /* ConsoleScreen.h */,
				C7272F9B1BCF896D000075BD /* ConsoleScreen.m */,
				C7272F951BCF895A000075BD /* MainScreen.h */,
				C7272F961BCF895A000075BD /* MainScreen.m */,
			);
			name = Core;
			sourceTree = "<group>";
		};
		C7272FE01BCF9FCD000075BD /* Basic */ = {
			isa = PBXGroup;
			children = (
				C7272FE11BCFA02A000075BD /* DemoFunction.h */,
				C7272FE21BCFA02A000075BD /* DemoFunction.m */,
				C741D9311BFDB537009C7F08 /* DemoSelector.h */,
				C741D9321BFDB537009C7F08 /* DemoSelector.m */,
				C741D9331BFDB537009C7F08 /* DemoSelector.xib */,
			);
			name = Basic;
			sourceTree = "<group>";
		};
/* End PBXGroup section */

/* Begin PBXNativeTarget section */
		C7272F5D1BCF87B6000075BD /* ObjectiveExamples */ = {
			isa = PBXNativeTarget;
			buildConfigurationList = C7272F8B1BCF87B6000075BD /* Build configuration list for PBXNativeTarget "ObjectiveExamples" */;
			buildPhases = (
				C7272F5A1BCF87B6000075BD /* Sources */,
				C7272F5B1BCF87B6000075BD /* Frameworks */,
				C7272F5C1BCF87B6000075BD /* Resources */,
			);
			buildRules = (
			);
			dependencies = (
			);
			name = ObjectiveExamples;
			productName = ObjectiveExamples;
			productReference = C7272F5E1BCF87B6000075BD /* ObjectiveExamples.app */;
			productType = "com.apple.product-type.application";
		};
/* End PBXNativeTarget section */

/* Begin PBXProject section */
		C7272F561BCF87B5000075BD /* Project object */ = {
			isa = PBXProject;
			attributes = {
				LastUpgradeCheck = 0700;
				ORGANIZATIONNAME = Thong;
				TargetAttributes = {
					C7272F5D1BCF87B6000075BD = {
						CreatedOnToolsVersion = 7.0.1;
					};
				};
			};
			buildConfigurationList = C7272F591BCF87B5000075BD /* Build configuration list for PBXProject "ObjectiveExamples" */;
			compatibilityVersion = "Xcode 3.2";
			developmentRegion = English;
			hasScannedForEncodings = 0;
			knownRegions = (
				en,
				Base,
			);
			mainGroup = C7272F551BCF87B5000075BD;
			productRefGroup = C7272F5F1BCF87B6000075BD /* Products */;
			projectDirPath = "";
			projectRoot = "";
			targets = (
				C7272F5D1BCF87B6000075BD /* ObjectiveExamples */,
			);
		};
/* End PBXProject section */

/* Begin PBXResourcesBuildPhase section */
		C7272F5C1BCF87B6000075BD /* Resources */ = {
			isa = PBXResourcesBuildPhase;
			buildActionMask = 2147483647;
			files = (
				C7272F711BCF87B6000075BD /* LaunchScreen.storyboard in Resources */,
				C741D9351BFDB537009C7F08 /* DemoSelector.xib in Resources */,
				C7272F6E1BCF87B6000075BD /* Assets.xcassets in Resources */,
			);
			runOnlyForDeploymentPostprocessing = 0;
		};
/* End PBXResourcesBuildPhase section */

/* Begin PBXSourcesBuildPhase section */
		C7272F5A1BCF87B6000075BD /* Sources */ = {
			isa = PBXSourcesBuildPhase;
			buildActionMask = 2147483647;
			files = (
				C7272F9C1BCF896D000075BD /* BootLogic.m in Sources */,
				C7272F9D1BCF896D000075BD /* ConsoleScreen.m in Sources */,
				C7272F971BCF895A000075BD /* MainScreen.m in Sources */,
				C7272F631BCF87B6000075BD /* main.m in Sources */,
				C7272FE31BCFA02A000075BD /* DemoFunction.m in Sources */,
				C741D9341BFDB537009C7F08 /* DemoSelector.m in Sources */,
				C7272FA01BCF8979000075BD /* AppDelegate.m in Sources */,
			);
			runOnlyForDeploymentPostprocessing = 0;
		};
/* End PBXSourcesBuildPhase section */

/* Begin PBXVariantGroup section */
		C7272F6F1BCF87B6000075BD /* LaunchScreen.storyboard */ = {
			isa = PBXVariantGroup;
			children = (
				C7272F701BCF87B6000075BD /* Base */,
			);
			name = LaunchScreen.storyboard;
			sourceTree = "<group>";
		};
/* End PBXVariantGroup section */

/* Begin XCBuildConfiguration section */
		C7272F891BCF87B6000075BD /* Debug */ = {
			isa = XCBuildConfiguration;
			buildSettings = {
				ALWAYS_SEARCH_USER_PATHS = NO;
				CLANG_CXX_LANGUAGE_STANDARD = "gnu++0x";
				CLANG_CXX_LIBRARY = "libc++";
				CLANG_ENABLE_MODULES = YES;
				CLANG_ENABLE_OBJC_ARC = YES;
				CLANG_WARN_BOOL_CONVERSION = YES;
				CLANG_WARN_CONSTANT_CONVERSION = YES;
				CLANG_WARN_DIRECT_OBJC_ISA_USAGE = YES_ERROR;
				CLANG_WARN_EMPTY_BODY = YES;
				CLANG_WARN_ENUM_CONVERSION = YES;
				CLANG_WARN_INT_CONVERSION = YES;
				CLANG_WARN_OBJC_ROOT_CLASS = YES_ERROR;
				CLANG_WARN_UNREACHABLE_CODE = YES;
				CLANG_WARN__DUPLICATE_METHOD_MATCH = YES;
				"CODE_SIGN_IDENTITY[sdk=iphoneos*]" = "iPhone Developer";
				COPY_PHASE_STRIP = NO;
				DEBUG_INFORMATION_FORMAT = dwarf;
				ENABLE_STRICT_OBJC_MSGSEND = YES;
				ENABLE_TESTABILITY = YES;
				GCC_C_LANGUAGE_STANDARD = gnu99;
				GCC_DYNAMIC_NO_PIC = NO;
				GCC_NO_COMMON_BLOCKS = YES;
				GCC_OPTIMIZATION_LEVEL = 0;
				GCC_PREPROCESSOR_DEFINITIONS = (
					"DEBUG=1",
					"$(inherited)",
				);
				GCC_WARN_64_TO_32_BIT_CONVERSION = YES;
				GCC_WARN_ABOUT_RETURN_TYPE = YES_ERROR;
				GCC_WARN_UNDECLARED_SELECTOR = YES;
				GCC_WARN_UNINITIALIZED_AUTOS = YES_AGGRESSIVE;
				GCC_WARN_UNUSED_FUNCTION = YES;
				GCC_WARN_UNUSED_VARIABLE = YES;
				IPHONEOS_DEPLOYMENT_TARGET = 8.3;
				MTL_ENABLE_DEBUG_INFO = YES;
				ONLY_ACTIVE_ARCH = YES;
				SDKROOT = iphoneos;
				TARGETED_DEVICE_FAMILY = "1,2";
			};
			name = Debug;
		};
		C7272F8A1BCF87B6000075BD /* Release */ = {
			isa = XCBuildConfiguration;
			buildSettings = {
				ALWAYS_SEARCH_USER_PATHS = NO;
				CLANG_CXX_LANGUAGE_STANDARD = "gnu++0x";
				CLANG_CXX_LIBRARY = "libc++";
				CLANG_ENABLE_MODULES = YES;
				CLANG_ENABLE_OBJC_ARC = YES;
				CLANG_WARN_BOOL_CONVERSION = YES;
				CLANG_WARN_CONSTANT_CONVERSION = YES;
				CLANG_WARN_DIRECT_OBJC_ISA_USAGE = YES_ERROR;
				CLANG_WARN_EMPTY_BODY = YES;
				CLANG_WARN_ENUM_CONVERSION = YES;
				CLANG_WARN_INT_CONVERSION = YES;
				CLANG_WARN_OBJC_ROOT_CLASS = YES_ERROR;
				CLANG_WARN_UNREACHABLE_CODE = YES;
				CLANG_WARN__DUPLICATE_METHOD_MATCH = YES;
				"CODE_SIGN_IDENTITY[sdk=iphoneos*]" = "iPhone Developer";
				COPY_PHASE_STRIP = NO;
				DEBUG_INFORMATION_FORMAT = "dwarf-with-dsym";
				ENABLE_NS_ASSERTIONS = NO;
				ENABLE_STRICT_OBJC_MSGSEND = YES;
				GCC_C_LANGUAGE_STANDARD = gnu99;
				GCC_NO_COMMON_BLOCKS = YES;
				GCC_WARN_64_TO_32_BIT_CONVERSION = YES;
				GCC_WARN_ABOUT_RETURN_TYPE = YES_ERROR;
				GCC_WARN_UNDECLARED_SELECTOR = YES;
				GCC_WARN_UNINITIALIZED_AUTOS = YES_AGGRESSIVE;
				GCC_WARN_UNUSED_FUNCTION = YES;
				GCC_WARN_UNUSED_VARIABLE = YES;
				IPHONEOS_DEPLOYMENT_TARGET = 8.3;
				MTL_ENABLE_DEBUG_INFO = NO;
				SDKROOT = iphoneos;
				TARGETED_DEVICE_FAMILY = "1,2";
				VALIDATE_PRODUCT = YES;
			};
			name = Release;
		};
		C7272F8C1BCF87B6000075BD /* Debug */ = {
			isa = XCBuildConfiguration;
			buildSettings = {
				ASSETCATALOG_COMPILER_APPICON_NAME = AppIcon;
				INFOPLIST_FILE = ObjectiveExamples/Info.plist;
				IPHONEOS_DEPLOYMENT_TARGET = 8.3;
				LD_RUNPATH_SEARCH_PATHS = "$(inherited) @executable_path/Frameworks";
				PRODUCT_BUNDLE_IDENTIFIER = Thong.ObjectiveExamples;
				PRODUCT_NAME = "$(TARGET_NAME)";
			};
			name = Debug;
		};
		C7272F8D1BCF87B6000075BD /* Release */ = {
			isa = XCBuildConfiguration;
			buildSettings = {
				ASSETCATALOG_COMPILER_APPICON_NAME = AppIcon;
				INFOPLIST_FILE = ObjectiveExamples/Info.plist;
				IPHONEOS_DEPLOYMENT_TARGET = 8.3;
				LD_RUNPATH_SEARCH_PATHS = "$(inherited) @executable_path/Frameworks";
				PRODUCT_BUNDLE_IDENTIFIER = Thong.ObjectiveExamples;
				PRODUCT_NAME = "$(TARGET_NAME)";
			};
			name = Release;
		};
/* End XCBuildConfiguration section */

/* Begin XCConfigurationList section */
		C7272F591BCF87B5000075BD /* Build configuration list for PBXProject "ObjectiveExamples" */ = {
			isa = XCConfigurationList;
			buildConfigurations = (
				C7272F891BCF87B6000075BD /* Debug */,
				C7272F8A1BCF87B6000075BD /* Release */,
			);
			defaultConfigurationIsVisible = 0;
			defaultConfigurationName = Release;
		};
		C7272F8B1BCF87B6000075BD /* Build configuration list for PBXNativeTarget "ObjectiveExamples" */ = {
			isa = XCConfigurationList;
			buildConfigurations = (
				C7272F8C1BCF87B6000075BD /* Debug */,
				C7272F8D1BCF87B6000075BD /* Release */,
			);
			defaultConfigurationIsVisible = 0;
			defaultConfigurationName = Release;
		};
/* End XCConfigurationList section */
	};
	rootObject = C7272F561BCF87B5000075BD /* Project object */;
}
